
Microsoft Visual Studio Solution File, Format Version 12.00
# Visual Studio 15
VisualStudioVersion = 15.0.26228.9
MinimumVisualStudioVersion = 10.0.40219.1
Project("{8BC9CEB8-8B4A-11D0-8D11-00A0C91BC942}") = "pciworm", "pciworm\pciworm.vcxproj", "{EC55C021-D650-4BAB-885C-B654825EC5F9}"
EndProject
Project("{8BC9CEB8-8B4A-11D0-8D11-00A0C91BC942}") = "pciworm_app", "pciworm_app\pciworm_app.vcxproj", "{4EE977C7-8FE5-4EC2-80E2-5E369016096C}"
EndProject
Global
	GlobalSection(SolutionConfigurationPlatforms) = preSolution
		Debug|ARM = Debug|ARM
		Debug|ARM64 = Debug|ARM64
		Debug|x64 = Debug|x64
		Debug|x86 = Debug|x86
		Release|ARM = Release|ARM
		Release|ARM64 = Release|ARM64
		Release|x64 = Release|x64
		Release|x86 = Release|x86
	EndGlobalSection
	GlobalSection(ProjectConfigurationPlatforms) = postSolution
		{EC55C021-D650-4BAB-885C-B654825EC5F9}.Debug|ARM.ActiveCfg = Debug|ARM
		{EC55C021-D650-4BAB-885C-B654825EC5F9}.Debug|ARM.Build.0 = Debug|ARM
		{EC55C021-D650-4BAB-885C-B654825EC5F9}.Debug|ARM.Deploy.0 = Debug|ARM
		{EC55C021-D650-4BAB-885C-B654825EC5F9}.Debug|ARM64.ActiveCfg = Debug|ARM64
		{EC55C021-D650-4BAB-885C-B654825EC5F9}.Debug|ARM64.Build.0 = Debug|ARM64
		{EC55C021-D650-4BAB-885C-B654825EC5F9}.Debug|ARM64.Deploy.0 = Debug|ARM64
		{EC55C021-D650-4BAB-885C-B654825EC5F9}.Debug|x64.ActiveCfg = Debug|x64
		{EC55C021-D650-4BAB-885C-B654825EC5F9}.Debug|x64.Build.0 = Debug|x64
		{EC55C021-D650-4BAB-885C-B654825EC5F9}.Debug|x64.Deploy.0 = Debug|x64
		{EC55C021-D650-4BAB-885C-B654825EC5F9}.Debug|x86.ActiveCfg = Debug|Win32
		{EC55C021-D650-4BAB-885C-B654825EC5F9}.Debug|x86.Build.0 = Debug|Win32
		{EC55C021-D650-4BAB-885C-B654825EC5F9}.Debug|x86.Deploy.0 = Debug|Win32
		{EC55C021-D650-4BAB-885C-B654825EC5F9}.Release|ARM.ActiveCfg = Release|ARM
		{EC55C021-D650-4BAB-885C-B654825EC5F9}.Release|ARM.Build.0 = Release|ARM
		{EC55C021-D650-4BAB-885C-B654825EC5F9}.Release|ARM.Deploy.0 = Release|ARM
		{EC55C021-D650-4BAB-885C-B654825EC5F9}.Release|ARM64.ActiveCfg = Release|ARM64
		{EC55C021-D650-4BAB-885C-B654825EC5F9}.Release|ARM64.Build.0 = Release|ARM64
		{EC55C021-D650-4BAB-885C-B654825EC5F9}.Release|ARM64.Deploy.0 = Release|ARM64
		{EC55C021-D650-4BAB-885C-B654825EC5F9}.Release|x64.ActiveCfg = Release|x64
		{EC55C021-D650-4BAB-885C-B654825EC5F9}.Release|x64.Build.0 = Release|x64
		{EC55C021-D650-4BAB-885C-B654825EC5F9}.Release|x64.Deploy.0 = Release|x64
		{EC55C021-D650-4BAB-885C-B654825EC5F9}.Release|x86.ActiveCfg = Release|Win32
		{EC55C021-D650-4BAB-885C-B654825EC5F9}.Release|x86.Build.0 = Release|Win32
		{EC55C021-D650-4BAB-885C-B654825EC5F9}.Release|x86.Deploy.0 = Release|Win32
		{4EE977C7-8FE5-4EC2-80E2-5E369016096C}.Debug|ARM.ActiveCfg = Debug|Win32
		{4EE977C7-8FE5-4EC2-80E2-5E369016096C}.Debug|ARM64.ActiveCfg = Debug|Win32
		{4EE977C7-8FE5-4EC2-80E2-5E369016096C}.Debug|x64.ActiveCfg = Debug|x64
		{4EE977C7-8FE5-4EC2-80E2-5E369016096C}.Debug|x64.Build.0 = Debug|x64
		{4EE977C7-8FE5-4EC2-80E2-5E369016096C}.Debug|x86.ActiveCfg = Debug|Win32
		{4EE977C7-8FE5-4EC2-80E2-5E369016096C}.Debug|x86.Build.0 = Debug|Win32
		{4EE977C7-8FE5-4EC2-80E2-5E369016096C}.Release|ARM.ActiveCfg = Release|Win32
		{4EE977C7-8FE5-4EC2-80E2-5E369016096C}.Release|ARM64.ActiveCfg = Release|Win32
		{4EE977C7-8FE5-4EC2-80E2-5E369016096C}.Release|x64.ActiveCfg = Release|x64
		{4EE977C7-8FE5-4EC2-80E2-5E369016096C}.Release|x64.Build.0 = Release|x64
		{4EE977C7-8FE5-4EC2-80E2-5E369016096C}.Release|x86.ActiveCfg = Release|Win32
		{4EE977C7-8FE5-4EC2-80E2-5E369016096C}.Release|x86.Build.0 = Release|Win32
	EndGlobalSection
	GlobalSection(SolutionProperties) = preSolution
		HideSolutionNode = FALSE
	EndGlobalSection
	GlobalSection(ExtensibilityGlobals) = postSolution
		SolutionGuid = {0F24495B-5C6D-4336-A944-A643A6BEA854}
	EndGlobalSection
EndGlobal
